// !$*UTF8*$!
{
	archiveVersion = 1;
	classes = {
	};
	objectVersion = 56;
	objects = {

/* Begin PBXBuildFile section */
		44FBB40C28FAF77300EA1B88 /* AppDelegate.swift in Sources */ = {isa = PBXBuildFile; fileRef = 44FBB40B28FAF77300EA1B88 /* AppDelegate.swift */; };
		44FBB40E28FAF77300EA1B88 /* SceneDelegate.swift in Sources */ = {isa = PBXBuildFile; fileRef = 44FBB40D28FAF77300EA1B88 /* SceneDelegate.swift */; };
		44FBB41028FAF77300EA1B88 /* ViewController.swift in Sources */ = {isa = PBXBuildFile; fileRef = 44FBB40F28FAF77300EA1B88 /* ViewController.swift */; };
		44FBB41528FAF77500EA1B88 /* Assets.xcassets in Resources */ = {isa = PBXBuildFile; fileRef = 44FBB41428FAF77500EA1B88 /* Assets.xcassets */; };
		44FBB41828FAF77500EA1B88 /* LaunchScreen.storyboard in Resources */ = {isa = PBXBuildFile; fileRef = 44FBB41628FAF77500EA1B88 /* LaunchScreen.storyboard */; };
		44FBB42528FAF98800EA1B88 /* TableViewModel.swift in Sources */ = {isa = PBXBuildFile; fileRef = 44FBB42428FAF98800EA1B88 /* TableViewModel.swift */; };
		44FBB42828FAF9D900EA1B88 /* TableModel.swift in Sources */ = {isa = PBXBuildFile; fileRef = 44FBB42728FAF9D900EA1B88 /* TableModel.swift */; };
		44FBB42A28FAFABD00EA1B88 /* Extensions.swift in Sources */ = {isa = PBXBuildFile; fileRef = 44FBB42928FAFABD00EA1B88 /* Extensions.swift */; };
		44FBB42C28FAFD2100EA1B88 /* TableViewCell.swift in Sources */ = {isa = PBXBuildFile; fileRef = 44FBB42B28FAFD2100EA1B88 /* TableViewCell.swift */; };
		44FBB42E28FB0D9E00EA1B88 /* HorizontalItemList.swift in Sources */ = {isa = PBXBuildFile; fileRef = 44FBB42D28FB0D9E00EA1B88 /* HorizontalItemList.swift */; };
		44FBB43028FC2BAA00EA1B88 /* RefreshView.swift in Sources */ = {isa = PBXBuildFile; fileRef = 44FBB42F28FC2BAA00EA1B88 /* RefreshView.swift */; };
/* End PBXBuildFile section */

/* Begin PBXFileReference section */
		44FBB40828FAF77300EA1B88 /* CustomProgressIndicator.app */ = {isa = PBXFileReference; explicitFileType = wrapper.application; includeInIndex = 0; path = CustomProgressIndicator.app; sourceTree = BUILT_PRODUCTS_DIR; };
		44FBB40B28FAF77300EA1B88 /* AppDelegate.swift */ = {isa = PBXFileReference; lastKnownFileType = sourcecode.swift; path = AppDelegate.swift; sourceTree = "<group>"; };
		44FBB40D28FAF77300EA1B88 /* SceneDelegate.swift */ = {isa = PBXFileReference; lastKnownFileType = sourcecode.swift; path = SceneDelegate.swift; sourceTree = "<group>"; };
		44FBB40F28FAF77300EA1B88 /* ViewController.swift */ = {isa = PBXFileReference; lastKnownFileType = sourcecode.swift; path = ViewController.swift; sourceTree = "<group>"; };
		44FBB41428FAF77500EA1B88 /* Assets.xcassets */ = {isa = PBXFileReference; lastKnownFileType = folder.assetcatalog; path = Assets.xcassets; sourceTree = "<group>"; };
		44FBB41728FAF77500EA1B88 /* Base */ = {isa = PBXFileReference; lastKnownFileType = file.storyboard; name = Base; path = Base.lproj/LaunchScreen.storyboard; sourceTree = "<group>"; };
		44FBB41928FAF77500EA1B88 /* Info.plist */ = {isa = PBXFileReference; lastKnownFileType = text.plist.xml; path = Info.plist; sourceTree = "<group>"; };
		44FBB42428FAF98800EA1B88 /* TableViewModel.swift */ = {isa = PBXFileReference; lastKnownFileType = sourcecode.swift; path = TableViewModel.swift; sourceTree = "<group>"; };
		44FBB42728FAF9D900EA1B88 /* TableModel.swift */ = {isa = PBXFileReference; lastKnownFileType = sourcecode.swift; path = TableModel.swift; sourceTree = "<group>"; };
		44FBB42928FAFABD00EA1B88 /* Extensions.swift */ = {isa = PBXFileReference; lastKnownFileType = sourcecode.swift; path = Extensions.swift; sourceTree = "<group>"; };
		44FBB42B28FAFD2100EA1B88 /* TableViewCell.swift */ = {isa = PBXFileReference; lastKnownFileType = sourcecode.swift; path = TableViewCell.swift; sourceTree = "<group>"; };
		44FBB42D28FB0D9E00EA1B88 /* HorizontalItemList.swift */ = {isa = PBXFileReference; lastKnownFileType = sourcecode.swift; path = HorizontalItemList.swift; sourceTree = "<group>"; };
		44FBB42F28FC2BAA00EA1B88 /* RefreshView.swift */ = {isa = PBXFileReference; lastKnownFileType = sourcecode.swift; path = RefreshView.swift; sourceTree = "<group>"; };
/* End PBXFileReference section */

/* Begin PBXFrameworksBuildPhase section */
		44FBB40528FAF77300EA1B88 /* Frameworks */ = {
			isa = PBXFrameworksBuildPhase;
			buildActionMask = 2147483647;
			files = (
			);
			runOnlyForDeploymentPostprocessing = 0;
		};
/* End PBXFrameworksBuildPhase section */

/* Begin PBXGroup section */
		44FBB3FF28FAF77300EA1B88 = {
			isa = PBXGroup;
			children = (
				44FBB40A28FAF77300EA1B88 /* CustomProgressIndicator */,
				44FBB40928FAF77300EA1B88 /* Products */,
			);
			sourceTree = "<group>";
		};
		44FBB40928FAF77300EA1B88 /* Products */ = {
			isa = PBXGroup;
			children = (
				44FBB40828FAF77300EA1B88 /* CustomProgressIndicator.app */,
			);
			name = Products;
			sourceTree = "<group>";
		};
		44FBB40A28FAF77300EA1B88 /* CustomProgressIndicator */ = {
			isa = PBXGroup;
			children = (
				44FBB42628FAF9C400EA1B88 /* Model */,
				44FBB42328FAF95300EA1B88 /* ViewModel */,
				44FBB42128FAF7B000EA1B88 /* CustomViews */,
				44FBB42028FAF7A800EA1B88 /* Controllers */,
				44FBB42228FAF7C900EA1B88 /* Utils */,
				44FBB41F28FAF78100EA1B88 /* Resources */,
			);
			path = CustomProgressIndicator;
			sourceTree = "<group>";
		};
		44FBB41F28FAF78100EA1B88 /* Resources */ = {
			isa = PBXGroup;
			children = (
				44FBB40B28FAF77300EA1B88 /* AppDelegate.swift */,
				44FBB40D28FAF77300EA1B88 /* SceneDelegate.swift */,
				44FBB41428FAF77500EA1B88 /* Assets.xcassets */,
				44FBB41628FAF77500EA1B88 /* LaunchScreen.storyboard */,
				44FBB41928FAF77500EA1B88 /* Info.plist */,
			);
			path = Resources;
			sourceTree = "<group>";
		};
		44FBB42028FAF7A800EA1B88 /* Controllers */ = {
			isa = PBXGroup;
			children = (
				44FBB40F28FAF77300EA1B88 /* ViewController.swift */,
			);
			path = Controllers;
			sourceTree = "<group>";
		};
		44FBB42128FAF7B000EA1B88 /* CustomViews */ = {
			isa = PBXGroup;
			children = (
				44FBB42B28FAFD2100EA1B88 /* TableViewCell.swift */,
				44FBB42D28FB0D9E00EA1B88 /* HorizontalItemList.swift */,
				44FBB42F28FC2BAA00EA1B88 /* RefreshView.swift */,
			);
			path = CustomViews;
			sourceTree = "<group>";
		};
		44FBB42228FAF7C900EA1B88 /* Utils */ = {
			isa = PBXGroup;
			children = (
				44FBB42928FAFABD00EA1B88 /* Extensions.swift */,
			);
			path = Utils;
			sourceTree = "<group>";
		};
		44FBB42328FAF95300EA1B88 /* ViewModel */ = {
			isa = PBXGroup;
			children = (
				44FBB42428FAF98800EA1B88 /* TableViewModel.swift */,
			);
			path = ViewModel;
			sourceTree = "<group>";
		};
		44FBB42628FAF9C400EA1B88 /* Model */ = {
			isa = PBXGroup;
			children = (
				44FBB42728FAF9D900EA1B88 /* TableModel.swift */,
			);
			path = Model;
			sourceTree = "<group>";
		};
/* End PBXGroup section */

/* Begin PBXNativeTarget section */
		44FBB40728FAF77300EA1B88 /* CustomProgressIndicator */ = {
			isa = PBXNativeTarget;
			buildConfigurationList = 44FBB41C28FAF77500EA1B88 /* Build configuration list for PBXNativeTarget "CustomProgressIndicator" */;
			buildPhases = (
				44FBB40428FAF77300EA1B88 /* Sources */,
				44FBB40528FAF77300EA1B88 /* Frameworks */,
				44FBB40628FAF77300EA1B88 /* Resources */,
			);
			buildRules = (
			);
			dependencies = (
			);
			name = CustomProgressIndicator;
			productName = CustomProgressIndicator;
			productReference = 44FBB40828FAF77300EA1B88 /* CustomProgressIndicator.app */;
			productType = "com.apple.product-type.application";
		};
/* End PBXNativeTarget section */

/* Begin PBXProject section */
		44FBB40028FAF77300EA1B88 /* Project object */ = {
			isa = PBXProject;
			attributes = {
				BuildIndependentTargetsInParallel = 1;
				LastSwiftUpdateCheck = 1400;
				LastUpgradeCheck = 1400;
				TargetAttributes = {
					44FBB40728FAF77300EA1B88 = {
						CreatedOnToolsVersion = 14.0.1;
					};
				};
			};
			buildConfigurationList = 44FBB40328FAF77300EA1B88 /* Build configuration list for PBXProject "CustomProgressIndicator" */;
			compatibilityVersion = "Xcode 14.0";
			developmentRegion = en;
			hasScannedForEncodings = 0;
			knownRegions = (
				en,
				Base,
			);
			mainGroup = 44FBB3FF28FAF77300EA1B88;
			productRefGroup = 44FBB40928FAF77300EA1B88 /* Products */;
			projectDirPath = "";
			projectRoot = "";
			targets = (
				44FBB40728FAF77300EA1B88 /* CustomProgressIndicator */,
			);
		};
/* End PBXProject section */

/* Begin PBXResourcesBuildPhase section */
		44FBB40628FAF77300EA1B88 /* Resources */ = {
			isa = PBXResourcesBuildPhase;
			buildActionMask = 2147483647;
			files = (
				44FBB41828FAF77500EA1B88 /* LaunchScreen.storyboard in Resources */,
				44FBB41528FAF77500EA1B88 /* Assets.xcassets in Resources */,
			);
			runOnlyForDeploymentPostprocessing = 0;
		};
/* End PBXResourcesBuildPhase section */

/* Begin PBXSourcesBuildPhase section */
		44FBB40428FAF77300EA1B88 /* Sources */ = {
			isa = PBXSourcesBuildPhase;
			buildActionMask = 2147483647;
			files = (
				44FBB42E28FB0D9E00EA1B88 /* HorizontalItemList.swift in Sources */,
				44FBB42528FAF98800EA1B88 /* TableViewModel.swift in Sources */,
				44FBB42A28FAFABD00EA1B88 /* Extensions.swift in Sources */,
				44FBB41028FAF77300EA1B88 /* ViewController.swift in Sources */,
				44FBB40C28FAF77300EA1B88 /* AppDelegate.swift in Sources */,
				44FBB40E28FAF77300EA1B88 /* SceneDelegate.swift in Sources */,
				44FBB43028FC2BAA00EA1B88 /* RefreshView.swift in Sources */,
				44FBB42C28FAFD2100EA1B88 /* TableViewCell.swift in Sources */,
				44FBB42828FAF9D900EA1B88 /* TableModel.swift in Sources */,
			);
			runOnlyForDeploymentPostprocessing = 0;
		};
/* End PBXSourcesBuildPhase section */

/* Begin PBXVariantGroup section */
		44FBB41628FAF77500EA1B88 /* LaunchScreen.storyboard */ = {
			isa = PBXVariantGroup;
			children = (
				44FBB41728FAF77500EA1B88 /* Base */,
			);
			name = LaunchScreen.storyboard;
			sourceTree = "<group>";
		};
/* End PBXVariantGroup section */

/* Begin XCBuildConfiguration section */
		44FBB41A28FAF77500EA1B88 /* Debug */ = {
			isa = XCBuildConfiguration;
			buildSettings = {
				ALWAYS_SEARCH_USER_PATHS = NO;
				CLANG_ANALYZER_NONNULL = YES;
				CLANG_ANALYZER_NUMBER_OBJECT_CONVERSION = YES_AGGRESSIVE;
				CLANG_CXX_LANGUAGE_STANDARD = "gnu++20";
				CLANG_ENABLE_MODULES = YES;
				CLANG_ENABLE_OBJC_ARC = YES;
				CLANG_ENABLE_OBJC_WEAK = YES;
				CLANG_WARN_BLOCK_CAPTURE_AUTORELEASING = YES;
				CLANG_WARN_BOOL_CONVERSION = YES;
				CLANG_WARN_COMMA = YES;
				CLANG_WARN_CONSTANT_CONVERSION = YES;
				CLANG_WARN_DEPRECATED_OBJC_IMPLEMENTATIONS = YES;
				CLANG_WARN_DIRECT_OBJC_ISA_USAGE = YES_ERROR;
				CLANG_WARN_DOCUMENTATION_COMMENTS = YES;
				CLANG_WARN_EMPTY_BODY = YES;
				CLANG_WARN_ENUM_CONVERSION = YES;
				CLANG_WARN_INFINITE_RECURSION = YES;
				CLANG_WARN_INT_CONVERSION = YES;
				CLANG_WARN_NON_LITERAL_NULL_CONVERSION = YES;
				CLANG_WARN_OBJC_IMPLICIT_RETAIN_SELF = YES;
				CLANG_WARN_OBJC_LITERAL_CONVERSION = YES;
				CLANG_WARN_OBJC_ROOT_CLASS = YES_ERROR;
				CLANG_WARN_QUOTED_INCLUDE_IN_FRAMEWORK_HEADER = YES;
				CLANG_WARN_RANGE_LOOP_ANALYSIS = YES;
				CLANG_WARN_STRICT_PROTOTYPES = YES;
				CLANG_WARN_SUSPICIOUS_MOVE = YES;
				CLANG_WARN_UNGUARDED_AVAILABILITY = YES_AGGRESSIVE;
				CLANG_WARN_UNREACHABLE_CODE = YES;
				CLANG_WARN__DUPLICATE_METHOD_MATCH = YES;
				COPY_PHASE_STRIP = NO;
				DEBUG_INFORMATION_FORMAT = dwarf;
				ENABLE_STRICT_OBJC_MSGSEND = YES;
				ENABLE_TESTABILITY = YES;
				GCC_C_LANGUAGE_STANDARD = gnu11;
				GCC_DYNAMIC_NO_PIC = NO;
				GCC_NO_COMMON_BLOCKS = YES;
				GCC_OPTIMIZATION_LEVEL = 0;
				GCC_PREPROCESSOR_DEFINITIONS = (
					"DEBUG=1",
					"$(inherited)",
				);
				GCC_WARN_64_TO_32_BIT_CONVERSION = YES;
				GCC_WARN_ABOUT_RETURN_TYPE = YES_ERROR;
				GCC_WARN_UNDECLARED_SELECTOR = YES;
				GCC_WARN_UNINITIALIZED_AUTOS = YES_AGGRESSIVE;
				GCC_WARN_UNUSED_FUNCTION = YES;
				GCC_WARN_UNUSED_VARIABLE = YES;
				IPHONEOS_DEPLOYMENT_TARGET = 16.0;
				MTL_ENABLE_DEBUG_INFO = INCLUDE_SOURCE;
				MTL_FAST_MATH = YES;
				ONLY_ACTIVE_ARCH = YES;
				SDKROOT = iphoneos;
				SWIFT_ACTIVE_COMPILATION_CONDITIONS = DEBUG;
				SWIFT_OPTIMIZATION_LEVEL = "-Onone";
			};
			name = Debug;
		};
		44FBB41B28FAF77500EA1B88 /* Release */ = {
			isa = XCBuildConfiguration;
			buildSettings = {
				ALWAYS_SEARCH_USER_PATHS = NO;
				CLANG_ANALYZER_NONNULL = YES;
				CLANG_ANALYZER_NUMBER_OBJECT_CONVERSION = YES_AGGRESSIVE;
				CLANG_CXX_LANGUAGE_STANDARD = "gnu++20";
				CLANG_ENABLE_MODULES = YES;
				CLANG_ENABLE_OBJC_ARC = YES;
				CLANG_ENABLE_OBJC_WEAK = YES;
				CLANG_WARN_BLOCK_CAPTURE_AUTORELEASING = YES;
				CLANG_WARN_BOOL_CONVERSION = YES;
				CLANG_WARN_COMMA = YES;
				CLANG_WARN_CONSTANT_CONVERSION = YES;
				CLANG_WARN_DEPRECATED_OBJC_IMPLEMENTATIONS = YES;
				CLANG_WARN_DIRECT_OBJC_ISA_USAGE = YES_ERROR;
				CLANG_WARN_DOCUMENTATION_COMMENTS = YES;
				CLANG_WARN_EMPTY_BODY = YES;
				CLANG_WARN_ENUM_CONVERSION = YES;
				CLANG_WARN_INFINITE_RECURSION = YES;
				CLANG_WARN_INT_CONVERSION = YES;
				CLANG_WARN_NON_LITERAL_NULL_CONVERSION = YES;
				CLANG_WARN_OBJC_IMPLICIT_RETAIN_SELF = YES;
				CLANG_WARN_OBJC_LITERAL_CONVERSION = YES;
				CLANG_WARN_OBJC_ROOT_CLASS = YES_ERROR;
				CLANG_WARN_QUOTED_INCLUDE_IN_FRAMEWORK_HEADER = YES;
				CLANG_WARN_RANGE_LOOP_ANALYSIS = YES;
				CLANG_WARN_STRICT_PROTOTYPES = YES;
				CLANG_WARN_SUSPICIOUS_MOVE = YES;
				CLANG_WARN_UNGUARDED_AVAILABILITY = YES_AGGRESSIVE;
				CLANG_WARN_UNREACHABLE_CODE = YES;
				CLANG_WARN__DUPLICATE_METHOD_MATCH = YES;
				COPY_PHASE_STRIP = NO;
				DEBUG_INFORMATION_FORMAT = "dwarf-with-dsym";
				ENABLE_NS_ASSERTIONS = NO;
				ENABLE_STRICT_OBJC_MSGSEND = YES;
				GCC_C_LANGUAGE_STANDARD = gnu11;
				GCC_NO_COMMON_BLOCKS = YES;
				GCC_WARN_64_TO_32_BIT_CONVERSION = YES;
				GCC_WARN_ABOUT_RETURN_TYPE = YES_ERROR;
				GCC_WARN_UNDECLARED_SELECTOR = YES;
				GCC_WARN_UNINITIALIZED_AUTOS = YES_AGGRESSIVE;
				GCC_WARN_UNUSED_FUNCTION = YES;
				GCC_WARN_UNUSED_VARIABLE = YES;
				IPHONEOS_DEPLOYMENT_TARGET = 16.0;
				MTL_ENABLE_DEBUG_INFO = NO;
				MTL_FAST_MATH = YES;
				SDKROOT = iphoneos;
				SWIFT_COMPILATION_MODE = wholemodule;
				SWIFT_OPTIMIZATION_LEVEL = "-O";
				VALIDATE_PRODUCT = YES;
			};
			name = Release;
		};
		44FBB41D28FAF77500EA1B88 /* Debug */ = {
			isa = XCBuildConfiguration;
			buildSettings = {
				ASSETCATALOG_COMPILER_APPICON_NAME = AppIcon;
				ASSETCATALOG_COMPILER_GLOBAL_ACCENT_COLOR_NAME = AccentColor;
				CODE_SIGN_STYLE = Automatic;
				CURRENT_PROJECT_VERSION = 1;
				GENERATE_INFOPLIST_FILE = YES;
				INFOPLIST_FILE = CustomProgressIndicator/Resources/Info.plist;
				INFOPLIST_KEY_UIApplicationSupportsIndirectInputEvents = YES;
				INFOPLIST_KEY_UILaunchStoryboardName = LaunchScreen;
				INFOPLIST_KEY_UIMainStoryboardFile = "";
				INFOPLIST_KEY_UISupportedInterfaceOrientations_iPad = "UIInterfaceOrientationPortrait UIInterfaceOrientationPortraitUpsideDown UIInterfaceOrientationLandscapeLeft UIInterfaceOrientationLandscapeRight";
				INFOPLIST_KEY_UISupportedInterfaceOrientations_iPhone = "UIInterfaceOrientationPortrait UIInterfaceOrientationLandscapeLeft UIInterfaceOrientationLandscapeRight";
				LD_RUNPATH_SEARCH_PATHS = (
					"$(inherited)",
					"@executable_path/Frameworks",
				);
				MARKETING_VERSION = 1.0;
				PRODUCT_BUNDLE_IDENTIFIER = com.gotech.CustomProgressIndicator;
				PRODUCT_NAME = "$(TARGET_NAME)";
				SWIFT_EMIT_LOC_STRINGS = YES;
				SWIFT_VERSION = 5.0;
				TARGETED_DEVICE_FAMILY = "1,2";
			};
			name = Debug;
		};
		44FBB41E28FAF77500EA1B88 /* Release */ = {
			isa = XCBuildConfiguration;
			buildSettings = {
				ASSETCATALOG_COMPILER_APPICON_NAME = AppIcon;
				ASSETCATALOG_COMPILER_GLOBAL_ACCENT_COLOR_NAME = AccentColor;
				CODE_SIGN_STYLE = Automatic;
				CURRENT_PROJECT_VERSION = 1;
				GENERATE_INFOPLIST_FILE = YES;
				INFOPLIST_FILE = CustomProgressIndicator/Resources/Info.plist;
				INFOPLIST_KEY_UIApplicationSupportsIndirectInputEvents = YES;
				INFOPLIST_KEY_UILaunchStoryboardName = LaunchScreen;
				INFOPLIST_KEY_UIMainStoryboardFile = "";
				INFOPLIST_KEY_UISupportedInterfaceOrientations_iPad = "UIInterfaceOrientationPortrait UIInterfaceOrientationPortraitUpsideDown UIInterfaceOrientationLandscapeLeft UIInterfaceOrientationLandscapeRight";
				INFOPLIST_KEY_UISupportedInterfaceOrientations_iPhone = "UIInterfaceOrientationPortrait UIInterfaceOrientationLandscapeLeft UIInterfaceOrientationLandscapeRight";
				LD_RUNPATH_SEARCH_PATHS = (
					"$(inherited)",
					"@executable_path/Frameworks",
				);
				MARKETING_VERSION = 1.0;
				PRODUCT_BUNDLE_IDENTIFIER = com.gotech.CustomProgressIndicator;
				PRODUCT_NAME = "$(TARGET_NAME)";
				SWIFT_EMIT_LOC_STRINGS = YES;
				SWIFT_VERSION = 5.0;
				TARGETED_DEVICE_FAMILY = "1,2";
			};
			name = Release;
		};
/* End XCBuildConfiguration section */

/* Begin XCConfigurationList section */
		44FBB40328FAF77300EA1B88 /* Build configuration list for PBXProject "CustomProgressIndicator" */ = {
			isa = XCConfigurationList;
			buildConfigurations = (
				44FBB41A28FAF77500EA1B88 /* Debug */,
				44FBB41B28FAF77500EA1B88 /* Release */,
			);
			defaultConfigurationIsVisible = 0;
			defaultConfigurationName = Release;
		};
		44FBB41C28FAF77500EA1B88 /* Build configuration list for PBXNativeTarget "CustomProgressIndicator" */ = {
			isa = XCConfigurationList;
			buildConfigurations = (
				44FBB41D28FAF77500EA1B88 /* Debug */,
				44FBB41E28FAF77500EA1B88 /* Release */,
			);
			defaultConfigurationIsVisible = 0;
			defaultConfigurationName = Release;
		};
/* End XCConfigurationList section */
	};
	rootObject = 44FBB40028FAF77300EA1B88 /* Project object */;
}
